// !$*UTF8*$!
{
	archiveVersion = 1;
	classes = {
	};
	objectVersion = 56;
	objects = {

/* Begin PBXBuildFile section */
		8D531DD82A0DF2E300A52DE0 /* AppDelegate.swift in Sources */ = {isa = PBXBuildFile; fileRef = 8D531DD72A0DF2E300A52DE0 /* AppDelegate.swift */; };
		8D531DDA2A0DF2E300A52DE0 /* SceneDelegate.swift in Sources */ = {isa = PBXBuildFile; fileRef = 8D531DD92A0DF2E300A52DE0 /* SceneDelegate.swift */; };
		8D531DDC2A0DF2E300A52DE0 /* ViewController.swift in Sources */ = {isa = PBXBuildFile; fileRef = 8D531DDB2A0DF2E300A52DE0 /* ViewController.swift */; };
		8D531DDF2A0DF2E300A52DE0 /* Main.storyboard in Resources */ = {isa = PBXBuildFile; fileRef = 8D531DDD2A0DF2E300A52DE0 /* Main.storyboard */; };
		8D531DE12A0DF2E500A52DE0 /* Assets.xcassets in Resources */ = {isa = PBXBuildFile; fileRef = 8D531DE02A0DF2E500A52DE0 /* Assets.xcassets */; };
		8D531DE42A0DF2E500A52DE0 /* LaunchScreen.storyboard in Resources */ = {isa = PBXBuildFile; fileRef = 8D531DE22A0DF2E500A52DE0 /* LaunchScreen.storyboard */; };
		8D531F042A0DF2FC00A52DE0 /* MultipartForm.swift in Sources */ = {isa = PBXBuildFile; fileRef = 8D531E672A0DF2FB00A52DE0 /* MultipartForm.swift */; };
		8D531F052A0DF2FC00A52DE0 /* Reachbility.swift in Sources */ = {isa = PBXBuildFile; fileRef = 8D531E682A0DF2FB00A52DE0 /* Reachbility.swift */; };
		8D531F062A0DF2FC00A52DE0 /* APIManger.swift in Sources */ = {isa = PBXBuildFile; fileRef = 8D531E692A0DF2FB00A52DE0 /* APIManger.swift */; };
		8D531F082A0DF2FC00A52DE0 /* URLRequestEncoder.swift in Sources */ = {isa = PBXBuildFile; fileRef = 8D531E6C2A0DF2FB00A52DE0 /* URLRequestEncoder.swift */; };
		8D531F092A0DF2FC00A52DE0 /* AnyEncodable.swift in Sources */ = {isa = PBXBuildFile; fileRef = 8D531E6D2A0DF2FB00A52DE0 /* AnyEncodable.swift */; };
		8D531F0C2A0DF2FC00A52DE0 /* Extensions.swift in Sources */ = {isa = PBXBuildFile; fileRef = 8D531E702A0DF2FB00A52DE0 /* Extensions.swift */; };
		8D531F0D2A0DF2FC00A52DE0 /* URLSessionClient.swift in Sources */ = {isa = PBXBuildFile; fileRef = 8D531E712A0DF2FB00A52DE0 /* URLSessionClient.swift */; };
		8D531F0E2A0DF2FC00A52DE0 /* Response.swift in Sources */ = {isa = PBXBuildFile; fileRef = 8D531E722A0DF2FB00A52DE0 /* Response.swift */; };
		8D531F0F2A0DF2FC00A52DE0 /* ResponseParser.swift in Sources */ = {isa = PBXBuildFile; fileRef = 8D531E732A0DF2FB00A52DE0 /* ResponseParser.swift */; };
		8D531F112A0DF2FC00A52DE0 /* RequestModel.swift in Sources */ = {isa = PBXBuildFile; fileRef = 8D531E752A0DF2FB00A52DE0 /* RequestModel.swift */; };
		8D531F122A0DF2FC00A52DE0 /* RequestError.swift in Sources */ = {isa = PBXBuildFile; fileRef = 8D531E762A0DF2FB00A52DE0 /* RequestError.swift */; };
		8D531F132A0DF2FC00A52DE0 /* EndPoint.swift in Sources */ = {isa = PBXBuildFile; fileRef = 8D531E772A0DF2FB00A52DE0 /* EndPoint.swift */; };
		8D531F3B2A0DF40500A52DE0 /* ResponseModel.swift in Sources */ = {isa = PBXBuildFile; fileRef = 8D531F3A2A0DF40500A52DE0 /* ResponseModel.swift */; };
/* End PBXBuildFile section */

/* Begin PBXFileReference section */
		8D531DD42A0DF2E300A52DE0 /* APIManger.app */ = {isa = PBXFileReference; explicitFileType = wrapper.application; includeInIndex = 0; path = APIManger.app; sourceTree = BUILT_PRODUCTS_DIR; };
		8D531DD72A0DF2E300A52DE0 /* AppDelegate.swift */ = {isa = PBXFileReference; lastKnownFileType = sourcecode.swift; path = AppDelegate.swift; sourceTree = "<group>"; };
		8D531DD92A0DF2E300A52DE0 /* SceneDelegate.swift */ = {isa = PBXFileReference; lastKnownFileType = sourcecode.swift; path = SceneDelegate.swift; sourceTree = "<group>"; };
		8D531DDB2A0DF2E300A52DE0 /* ViewController.swift */ = {isa = PBXFileReference; lastKnownFileType = sourcecode.swift; path = ViewController.swift; sourceTree = "<group>"; };
		8D531DDE2A0DF2E300A52DE0 /* Base */ = {isa = PBXFileReference; lastKnownFileType = file.storyboard; name = Base; path = Base.lproj/Main.storyboard; sourceTree = "<group>"; };
		8D531DE02A0DF2E500A52DE0 /* Assets.xcassets */ = {isa = PBXFileReference; lastKnownFileType = folder.assetcatalog; path = Assets.xcassets; sourceTree = "<group>"; };
		8D531DE32A0DF2E500A52DE0 /* Base */ = {isa = PBXFileReference; lastKnownFileType = file.storyboard; name = Base; path = Base.lproj/LaunchScreen.storyboard; sourceTree = "<group>"; };
		8D531DE52A0DF2E500A52DE0 /* Info.plist */ = {isa = PBXFileReference; lastKnownFileType = text.plist.xml; path = Info.plist; sourceTree = "<group>"; };
		8D531E672A0DF2FB00A52DE0 /* MultipartForm.swift */ = {isa = PBXFileReference; fileEncoding = 4; lastKnownFileType = sourcecode.swift; path = MultipartForm.swift; sourceTree = "<group>"; };
		8D531E682A0DF2FB00A52DE0 /* Reachbility.swift */ = {isa = PBXFileReference; fileEncoding = 4; lastKnownFileType = sourcecode.swift; path = Reachbility.swift; sourceTree = "<group>"; };
		8D531E692A0DF2FB00A52DE0 /* APIManger.swift */ = {isa = PBXFileReference; fileEncoding = 4; lastKnownFileType = sourcecode.swift; path = APIManger.swift; sourceTree = "<group>"; };
		8D531E6C2A0DF2FB00A52DE0 /* URLRequestEncoder.swift */ = {isa = PBXFileReference; fileEncoding = 4; lastKnownFileType = sourcecode.swift; path = URLRequestEncoder.swift; sourceTree = "<group>"; };
		8D531E6D2A0DF2FB00A52DE0 /* AnyEncodable.swift */ = {isa = PBXFileReference; fileEncoding = 4; lastKnownFileType = sourcecode.swift; path = AnyEncodable.swift; sourceTree = "<group>"; };
		8D531E702A0DF2FB00A52DE0 /* Extensions.swift */ = {isa = PBXFileReference; fileEncoding = 4; lastKnownFileType = sourcecode.swift; path = Extensions.swift; sourceTree = "<group>"; };
		8D531E712A0DF2FB00A52DE0 /* URLSessionClient.swift */ = {isa = PBXFileReference; fileEncoding = 4; lastKnownFileType = sourcecode.swift; path = URLSessionClient.swift; sourceTree = "<group>"; };
		8D531E722A0DF2FB00A52DE0 /* Response.swift */ = {isa = PBXFileReference; fileEncoding = 4; lastKnownFileType = sourcecode.swift; path = Response.swift; sourceTree = "<group>"; };
		8D531E732A0DF2FB00A52DE0 /* ResponseParser.swift */ = {isa = PBXFileReference; fileEncoding = 4; lastKnownFileType = sourcecode.swift; path = ResponseParser.swift; sourceTree = "<group>"; };
		8D531E752A0DF2FB00A52DE0 /* RequestModel.swift */ = {isa = PBXFileReference; fileEncoding = 4; lastKnownFileType = sourcecode.swift; path = RequestModel.swift; sourceTree = "<group>"; };
		8D531E762A0DF2FB00A52DE0 /* RequestError.swift */ = {isa = PBXFileReference; fileEncoding = 4; lastKnownFileType = sourcecode.swift; path = RequestError.swift; sourceTree = "<group>"; };
		8D531E772A0DF2FB00A52DE0 /* EndPoint.swift */ = {isa = PBXFileReference; fileEncoding = 4; lastKnownFileType = sourcecode.swift; path = EndPoint.swift; sourceTree = "<group>"; };
		8D531F3A2A0DF40500A52DE0 /* ResponseModel.swift */ = {isa = PBXFileReference; lastKnownFileType = sourcecode.swift; path = ResponseModel.swift; sourceTree = "<group>"; };
/* End PBXFileReference section */

/* Begin PBXFrameworksBuildPhase section */
		8D531DD12A0DF2E300A52DE0 /* Frameworks */ = {
			isa = PBXFrameworksBuildPhase;
			buildActionMask = 2147483647;
			files = (
			);
			runOnlyForDeploymentPostprocessing = 0;
		};
/* End PBXFrameworksBuildPhase section */

/* Begin PBXGroup section */
		8D531DCB2A0DF2E300A52DE0 = {
			isa = PBXGroup;
			children = (
				8D531DD62A0DF2E300A52DE0 /* APIManger */,
				8D531DD52A0DF2E300A52DE0 /* Products */,
			);
			sourceTree = "<group>";
		};
		8D531DD52A0DF2E300A52DE0 /* Products */ = {
			isa = PBXGroup;
			children = (
				8D531DD42A0DF2E300A52DE0 /* APIManger.app */,
			);
			name = Products;
			sourceTree = "<group>";
		};
		8D531DD62A0DF2E300A52DE0 /* APIManger */ = {
			isa = PBXGroup;
			children = (
				8D531DEB2A0DF2FB00A52DE0 /* APIManger */,
				8D531DD72A0DF2E300A52DE0 /* AppDelegate.swift */,
				8D531DD92A0DF2E300A52DE0 /* SceneDelegate.swift */,
				8D531DDB2A0DF2E300A52DE0 /* ViewController.swift */,
				8D531DDD2A0DF2E300A52DE0 /* Main.storyboard */,
				8D531DE02A0DF2E500A52DE0 /* Assets.xcassets */,
				8D531DE22A0DF2E500A52DE0 /* LaunchScreen.storyboard */,
				8D531DE52A0DF2E500A52DE0 /* Info.plist */,
			);
			path = APIManger;
			sourceTree = "<group>";
		};
		8D531DEB2A0DF2FB00A52DE0 /* APIManger */ = {
			isa = PBXGroup;
			children = (
				8D531E662A0DF2FB00A52DE0 /* Network Layer */,
			);
			path = APIManger;
			sourceTree = "<group>";
		};
		8D531E662A0DF2FB00A52DE0 /* Network Layer */ = {
			isa = PBXGroup;
			children = (
				8D531E6B2A0DF2FB00A52DE0 /* Encoder */,
				8D531F3C2A0DF52E00A52DE0 /* Model */,
				8D531E672A0DF2FB00A52DE0 /* MultipartForm.swift */,
				8D531E682A0DF2FB00A52DE0 /* Reachbility.swift */,
				8D531E692A0DF2FB00A52DE0 /* APIManger.swift */,
				8D531E702A0DF2FB00A52DE0 /* Extensions.swift */,
				8D531E712A0DF2FB00A52DE0 /* URLSessionClient.swift */,
				8D531E722A0DF2FB00A52DE0 /* Response.swift */,
				8D531E732A0DF2FB00A52DE0 /* ResponseParser.swift */,
				8D531E762A0DF2FB00A52DE0 /* RequestError.swift */,
				8D531E772A0DF2FB00A52DE0 /* EndPoint.swift */,
			);
			path = "Network Layer";
			sourceTree = "<group>";
		};
		8D531E6B2A0DF2FB00A52DE0 /* Encoder */ = {
			isa = PBXGroup;
			children = (
				8D531E6C2A0DF2FB00A52DE0 /* URLRequestEncoder.swift */,
				8D531E6D2A0DF2FB00A52DE0 /* AnyEncodable.swift */,
			);
			path = Encoder;
			sourceTree = "<group>";
		};
		8D531F3C2A0DF52E00A52DE0 /* Model */ = {
			isa = PBXGroup;
			children = (
				8D531E752A0DF2FB00A52DE0 /* RequestModel.swift */,
				8D531F3A2A0DF40500A52DE0 /* ResponseModel.swift */,
			);
			path = Model;
			sourceTree = "<group>";
		};
/* End PBXGroup section */

/* Begin PBXNativeTarget section */
		8D531DD32A0DF2E300A52DE0 /* APIManger */ = {
			isa = PBXNativeTarget;
			buildConfigurationList = 8D531DE82A0DF2E500A52DE0 /* Build configuration list for PBXNativeTarget "APIManger" */;
			buildPhases = (
				8D531DD02A0DF2E300A52DE0 /* Sources */,
				8D531DD12A0DF2E300A52DE0 /* Frameworks */,
				8D531DD22A0DF2E300A52DE0 /* Resources */,
			);
			buildRules = (
			);
			dependencies = (
			);
			name = APIManger;
			productName = APIManger;
			productReference = 8D531DD42A0DF2E300A52DE0 /* APIManger.app */;
			productType = "com.apple.product-type.application";
		};
/* End PBXNativeTarget section */

/* Begin PBXProject section */
		8D531DCC2A0DF2E300A52DE0 /* Project object */ = {
			isa = PBXProject;
			attributes = {
				BuildIndependentTargetsInParallel = 1;
				LastSwiftUpdateCheck = 1430;
				LastUpgradeCheck = 1430;
				TargetAttributes = {
					8D531DD32A0DF2E300A52DE0 = {
						CreatedOnToolsVersion = 14.3;
					};
				};
			};
			buildConfigurationList = 8D531DCF2A0DF2E300A52DE0 /* Build configuration list for PBXProject "APIManger" */;
			compatibilityVersion = "Xcode 14.0";
			developmentRegion = en;
			hasScannedForEncodings = 0;
			knownRegions = (
				en,
				Base,
			);
			mainGroup = 8D531DCB2A0DF2E300A52DE0;
			productRefGroup = 8D531DD52A0DF2E300A52DE0 /* Products */;
			projectDirPath = "";
			projectRoot = "";
			targets = (
				8D531DD32A0DF2E300A52DE0 /* APIManger */,
			);
		};
/* End PBXProject section */

/* Begin PBXResourcesBuildPhase section */
		8D531DD22A0DF2E300A52DE0 /* Resources */ = {
			isa = PBXResourcesBuildPhase;
			buildActionMask = 2147483647;
			files = (
				8D531DE42A0DF2E500A52DE0 /* LaunchScreen.storyboard in Resources */,
				8D531DE12A0DF2E500A52DE0 /* Assets.xcassets in Resources */,
				8D531DDF2A0DF2E300A52DE0 /* Main.storyboard in Resources */,
			);
			runOnlyForDeploymentPostprocessing = 0;
		};
/* End PBXResourcesBuildPhase section */

/* Begin PBXSourcesBuildPhase section */
		8D531DD02A0DF2E300A52DE0 /* Sources */ = {
			isa = PBXSourcesBuildPhase;
			buildActionMask = 2147483647;
			files = (
				8D531F042A0DF2FC00A52DE0 /* MultipartForm.swift in Sources */,
				8D531F062A0DF2FC00A52DE0 /* APIManger.swift in Sources */,
				8D531F3B2A0DF40500A52DE0 /* ResponseModel.swift in Sources */,
				8D531DDC2A0DF2E300A52DE0 /* ViewController.swift in Sources */,
				8D531F132A0DF2FC00A52DE0 /* EndPoint.swift in Sources */,
				8D531F0C2A0DF2FC00A52DE0 /* Extensions.swift in Sources */,
				8D531DD82A0DF2E300A52DE0 /* AppDelegate.swift in Sources */,
				8D531F0E2A0DF2FC00A52DE0 /* Response.swift in Sources */,
				8D531F092A0DF2FC00A52DE0 /* AnyEncodable.swift in Sources */,
				8D531F122A0DF2FC00A52DE0 /* RequestError.swift in Sources */,
				8D531F052A0DF2FC00A52DE0 /* Reachbility.swift in Sources */,
				8D531F112A0DF2FC00A52DE0 /* RequestModel.swift in Sources */,
				8D531DDA2A0DF2E300A52DE0 /* SceneDelegate.swift in Sources */,
				8D531F082A0DF2FC00A52DE0 /* URLRequestEncoder.swift in Sources */,
				8D531F0D2A0DF2FC00A52DE0 /* URLSessionClient.swift in Sources */,
				8D531F0F2A0DF2FC00A52DE0 /* ResponseParser.swift in Sources */,
			);
			runOnlyForDeploymentPostprocessing = 0;
		};
/* End PBXSourcesBuildPhase section */

/* Begin PBXVariantGroup section */
		8D531DDD2A0DF2E300A52DE0 /* Main.storyboard */ = {
			isa = PBXVariantGroup;
			children = (
				8D531DDE2A0DF2E300A52DE0 /* Base */,
			);
			name = Main.storyboard;
			sourceTree = "<group>";
		};
		8D531DE22A0DF2E500A52DE0 /* LaunchScreen.storyboard */ = {
			isa = PBXVariantGroup;
			children = (
				8D531DE32A0DF2E500A52DE0 /* Base */,
			);
			name = LaunchScreen.storyboard;
			sourceTree = "<group>";
		};
/* End PBXVariantGroup section */

/* Begin XCBuildConfiguration section */
		8D531DE62A0DF2E500A52DE0 /* Debug */ = {
			isa = XCBuildConfiguration;
			buildSettings = {
				ALWAYS_SEARCH_USER_PATHS = NO;
				CLANG_ANALYZER_NONNULL = YES;
				CLANG_ANALYZER_NUMBER_OBJECT_CONVERSION = YES_AGGRESSIVE;
				CLANG_CXX_LANGUAGE_STANDARD = "gnu++20";
				CLANG_ENABLE_MODULES = YES;
				CLANG_ENABLE_OBJC_ARC = YES;
				CLANG_ENABLE_OBJC_WEAK = YES;
				CLANG_WARN_BLOCK_CAPTURE_AUTORELEASING = YES;
				CLANG_WARN_BOOL_CONVERSION = YES;
				CLANG_WARN_COMMA = YES;
				CLANG_WARN_CONSTANT_CONVERSION = YES;
				CLANG_WARN_DEPRECATED_OBJC_IMPLEMENTATIONS = YES;
				CLANG_WARN_DIRECT_OBJC_ISA_USAGE = YES_ERROR;
				CLANG_WARN_DOCUMENTATION_COMMENTS = YES;
				CLANG_WARN_EMPTY_BODY = YES;
				CLANG_WARN_ENUM_CONVERSION = YES;
				CLANG_WARN_INFINITE_RECURSION = YES;
				CLANG_WARN_INT_CONVERSION = YES;
				CLANG_WARN_NON_LITERAL_NULL_CONVERSION = YES;
				CLANG_WARN_OBJC_IMPLICIT_RETAIN_SELF = YES;
				CLANG_WARN_OBJC_LITERAL_CONVERSION = YES;
				CLANG_WARN_OBJC_ROOT_CLASS = YES_ERROR;
				CLANG_WARN_QUOTED_INCLUDE_IN_FRAMEWORK_HEADER = YES;
				CLANG_WARN_RANGE_LOOP_ANALYSIS = YES;
				CLANG_WARN_STRICT_PROTOTYPES = YES;
				CLANG_WARN_SUSPICIOUS_MOVE = YES;
				CLANG_WARN_UNGUARDED_AVAILABILITY = YES_AGGRESSIVE;
				CLANG_WARN_UNREACHABLE_CODE = YES;
				CLANG_WARN__DUPLICATE_METHOD_MATCH = YES;
				COPY_PHASE_STRIP = NO;
				DEBUG_INFORMATION_FORMAT = dwarf;
				ENABLE_STRICT_OBJC_MSGSEND = YES;
				ENABLE_TESTABILITY = YES;
				GCC_C_LANGUAGE_STANDARD = gnu11;
				GCC_DYNAMIC_NO_PIC = NO;
				GCC_NO_COMMON_BLOCKS = YES;
				GCC_OPTIMIZATION_LEVEL = 0;
				GCC_PREPROCESSOR_DEFINITIONS = (
					"DEBUG=1",
					"$(inherited)",
				);
				GCC_WARN_64_TO_32_BIT_CONVERSION = YES;
				GCC_WARN_ABOUT_RETURN_TYPE = YES_ERROR;
				GCC_WARN_UNDECLARED_SELECTOR = YES;
				GCC_WARN_UNINITIALIZED_AUTOS = YES_AGGRESSIVE;
				GCC_WARN_UNUSED_FUNCTION = YES;
				GCC_WARN_UNUSED_VARIABLE = YES;
				IPHONEOS_DEPLOYMENT_TARGET = 16.4;
				MTL_ENABLE_DEBUG_INFO = INCLUDE_SOURCE;
				MTL_FAST_MATH = YES;
				ONLY_ACTIVE_ARCH = YES;
				SDKROOT = iphoneos;
				SWIFT_ACTIVE_COMPILATION_CONDITIONS = DEBUG;
				SWIFT_OPTIMIZATION_LEVEL = "-Onone";
			};
			name = Debug;
		};
		8D531DE72A0DF2E500A52DE0 /* Release */ = {
			isa = XCBuildConfiguration;
			buildSettings = {
				ALWAYS_SEARCH_USER_PATHS = NO;
				CLANG_ANALYZER_NONNULL = YES;
				CLANG_ANALYZER_NUMBER_OBJECT_CONVERSION = YES_AGGRESSIVE;
				CLANG_CXX_LANGUAGE_STANDARD = "gnu++20";
				CLANG_ENABLE_MODULES = YES;
				CLANG_ENABLE_OBJC_ARC = YES;
				CLANG_ENABLE_OBJC_WEAK = YES;
				CLANG_WARN_BLOCK_CAPTURE_AUTORELEASING = YES;
				CLANG_WARN_BOOL_CONVERSION = YES;
				CLANG_WARN_COMMA = YES;
				CLANG_WARN_CONSTANT_CONVERSION = YES;
				CLANG_WARN_DEPRECATED_OBJC_IMPLEMENTATIONS = YES;
				CLANG_WARN_DIRECT_OBJC_ISA_USAGE = YES_ERROR;
				CLANG_WARN_DOCUMENTATION_COMMENTS = YES;
				CLANG_WARN_EMPTY_BODY = YES;
				CLANG_WARN_ENUM_CONVERSION = YES;
				CLANG_WARN_INFINITE_RECURSION = YES;
				CLANG_WARN_INT_CONVERSION = YES;
				CLANG_WARN_NON_LITERAL_NULL_CONVERSION = YES;
				CLANG_WARN_OBJC_IMPLICIT_RETAIN_SELF = YES;
				CLANG_WARN_OBJC_LITERAL_CONVERSION = YES;
				CLANG_WARN_OBJC_ROOT_CLASS = YES_ERROR;
				CLANG_WARN_QUOTED_INCLUDE_IN_FRAMEWORK_HEADER = YES;
				CLANG_WARN_RANGE_LOOP_ANALYSIS = YES;
				CLANG_WARN_STRICT_PROTOTYPES = YES;
				CLANG_WARN_SUSPICIOUS_MOVE = YES;
				CLANG_WARN_UNGUARDED_AVAILABILITY = YES_AGGRESSIVE;
				CLANG_WARN_UNREACHABLE_CODE = YES;
				CLANG_WARN__DUPLICATE_METHOD_MATCH = YES;
				COPY_PHASE_STRIP = NO;
				DEBUG_INFORMATION_FORMAT = "dwarf-with-dsym";
				ENABLE_NS_ASSERTIONS = NO;
				ENABLE_STRICT_OBJC_MSGSEND = YES;
				GCC_C_LANGUAGE_STANDARD = gnu11;
				GCC_NO_COMMON_BLOCKS = YES;
				GCC_WARN_64_TO_32_BIT_CONVERSION = YES;
				GCC_WARN_ABOUT_RETURN_TYPE = YES_ERROR;
				GCC_WARN_UNDECLARED_SELECTOR = YES;
				GCC_WARN_UNINITIALIZED_AUTOS = YES_AGGRESSIVE;
				GCC_WARN_UNUSED_FUNCTION = YES;
				GCC_WARN_UNUSED_VARIABLE = YES;
				IPHONEOS_DEPLOYMENT_TARGET = 16.4;
				MTL_ENABLE_DEBUG_INFO = NO;
				MTL_FAST_MATH = YES;
				SDKROOT = iphoneos;
				SWIFT_COMPILATION_MODE = wholemodule;
				SWIFT_OPTIMIZATION_LEVEL = "-O";
				VALIDATE_PRODUCT = YES;
			};
			name = Release;
		};
		8D531DE92A0DF2E500A52DE0 /* Debug */ = {
			isa = XCBuildConfiguration;
			buildSettings = {
				ASSETCATALOG_COMPILER_APPICON_NAME = AppIcon;
				ASSETCATALOG_COMPILER_GLOBAL_ACCENT_COLOR_NAME = AccentColor;
				CODE_SIGN_STYLE = Automatic;
				CURRENT_PROJECT_VERSION = 1;
				DEVELOPMENT_TEAM = AP67B64MB8;
				GENERATE_INFOPLIST_FILE = YES;
				INFOPLIST_FILE = APIManger/Info.plist;
				INFOPLIST_KEY_UIApplicationSupportsIndirectInputEvents = YES;
				INFOPLIST_KEY_UILaunchStoryboardName = LaunchScreen;
				INFOPLIST_KEY_UIMainStoryboardFile = Main;
				INFOPLIST_KEY_UISupportedInterfaceOrientations_iPad = "UIInterfaceOrientationPortrait UIInterfaceOrientationPortraitUpsideDown UIInterfaceOrientationLandscapeLeft UIInterfaceOrientationLandscapeRight";
				INFOPLIST_KEY_UISupportedInterfaceOrientations_iPhone = "UIInterfaceOrientationPortrait UIInterfaceOrientationLandscapeLeft UIInterfaceOrientationLandscapeRight";
				LD_RUNPATH_SEARCH_PATHS = (
					"$(inherited)",
					"@executable_path/Frameworks",
				);
				MARKETING_VERSION = 1.0;
				PRODUCT_BUNDLE_IDENTIFIER = "mehsam.come-test.APIManger";
				PRODUCT_NAME = "$(TARGET_NAME)";
				SWIFT_EMIT_LOC_STRINGS = YES;
				SWIFT_VERSION = 5.0;
				TARGETED_DEVICE_FAMILY = "1,2";
			};
			name = Debug;
		};
		8D531DEA2A0DF2E500A52DE0 /* Release */ = {
			isa = XCBuildConfiguration;
			buildSettings = {
				ASSETCATALOG_COMPILER_APPICON_NAME = AppIcon;
				ASSETCATALOG_COMPILER_GLOBAL_ACCENT_COLOR_NAME = AccentColor;
				CODE_SIGN_STYLE = Automatic;
				CURRENT_PROJECT_VERSION = 1;
				DEVELOPMENT_TEAM = AP67B64MB8;
				GENERATE_INFOPLIST_FILE = YES;
				INFOPLIST_FILE = APIManger/Info.plist;
				INFOPLIST_KEY_UIApplicationSupportsIndirectInputEvents = YES;
				INFOPLIST_KEY_UILaunchStoryboardName = LaunchScreen;
				INFOPLIST_KEY_UIMainStoryboardFile = Main;
				INFOPLIST_KEY_UISupportedInterfaceOrientations_iPad = "UIInterfaceOrientationPortrait UIInterfaceOrientationPortraitUpsideDown UIInterfaceOrientationLandscapeLeft UIInterfaceOrientationLandscapeRight";
				INFOPLIST_KEY_UISupportedInterfaceOrientations_iPhone = "UIInterfaceOrientationPortrait UIInterfaceOrientationLandscapeLeft UIInterfaceOrientationLandscapeRight";
				LD_RUNPATH_SEARCH_PATHS = (
					"$(inherited)",
					"@executable_path/Frameworks",
				);
				MARKETING_VERSION = 1.0;
				PRODUCT_BUNDLE_IDENTIFIER = "mehsam.come-test.APIManger";
				PRODUCT_NAME = "$(TARGET_NAME)";
				SWIFT_EMIT_LOC_STRINGS = YES;
				SWIFT_VERSION = 5.0;
				TARGETED_DEVICE_FAMILY = "1,2";
			};
			name = Release;
		};
/* End XCBuildConfiguration section */

/* Begin XCConfigurationList section */
		8D531DCF2A0DF2E300A52DE0 /* Build configuration list for PBXProject "APIManger" */ = {
			isa = XCConfigurationList;
			buildConfigurations = (
				8D531DE62A0DF2E500A52DE0 /* Debug */,
				8D531DE72A0DF2E500A52DE0 /* Release */,
			);
			defaultConfigurationIsVisible = 0;
			defaultConfigurationName = Release;
		};
		8D531DE82A0DF2E500A52DE0 /* Build configuration list for PBXNativeTarget "APIManger" */ = {
			isa = XCConfigurationList;
			buildConfigurations = (
				8D531DE92A0DF2E500A52DE0 /* Debug */,
				8D531DEA2A0DF2E500A52DE0 /* Release */,
			);
			defaultConfigurationIsVisible = 0;
			defaultConfigurationName = Release;
		};
/* End XCConfigurationList section */
	};
	rootObject = 8D531DCC2A0DF2E300A52DE0 /* Project object */;
}
